PODS:
  - Alamofire (5.8.1)
  - Base58.swift (1.0.2):
    - BigInt
  - BigInt (5.2.0)
  - CryptoSwift (1.8.0)
  - libwebp (1.3.1):
    - libwebp/demux (= 1.3.1)
    - libwebp/mux (= 1.3.1)
    - libwebp/sharpyuv (= 1.3.1)
    - libwebp/webp (= 1.3.1)
  - libwebp/demux (1.3.1):
    - libwebp/webp
  - libwebp/mux (1.3.1):
    - libwebp/demux
  - libwebp/sharpyuv (1.3.1)
  - libwebp/webp (1.3.1):
    - libwebp/sharpyuv
  - ParticleAuthService (1.3.3):
    - CryptoSwift
    - ParticleNetworkBase
    - RxAlamofire (~> 6.1.1)
    - RxCocoa (= 6.5.0)
    - RxSwift (= 6.5.0)
    - SwiftyJSON (~> 5.0)
    - SwiftyUserDefaults (~> 5.3.0)
  - ParticleNetworkBase (1.3.3):
    - Base58.swift
    - BigInt (~> 5.2.0)
    - CryptoSwift
    - RxAlamofire (~> 6.1.1)
    - RxCocoa (= 6.5.0)
    - RxSwift (= 6.5.0)
    - SwiftyJSON (~> 5.0)
    - SwiftyUserDefaults (~> 5.3.0)
  - ParticleWalletConnect (1.3.3):
    - ParticleNetworkBase
    - RxAlamofire (~> 6.1.1)
    - RxCocoa (= 6.5.0)
    - RxSwift (= 6.5.0)
    - Starscream (= 3.1.1)
    - SwiftyUserDefaults (~> 5.3.0)
    - WalletConnectSwiftV2 (= 1.9.1)
  - RxAlamofire (6.1.1):
    - RxAlamofire/Core (= 6.1.1)
  - RxAlamofire/Core (6.1.1):
    - Alamofire (~> 5.4)
    - RxSwift (~> 6.0)
  - RxCocoa (6.5.0):
    - RxRelay (= 6.5.0)
    - RxSwift (= 6.5.0)
  - RxRelay (6.5.0):
    - RxSwift (= 6.5.0)
  - RxSwift (6.5.0)
  - SDWebImage (5.17.0):
    - SDWebImage/Core (= 5.17.0)
  - SDWebImage/Core (5.17.0)
  - SDWebImageWebPCoder (0.13.0):
    - libwebp (~> 1.0)
    - SDWebImage/Core (~> 5.17)
  - Starscream (3.1.1)
  - SwiftyJSON (5.0.1)
  - SwiftyUserDefaults (5.3.0)
  - WalletConnectSwiftV2 (1.9.1):
    - WalletConnectSwiftV2/WalletConnect (= 1.9.1)
  - WalletConnectSwiftV2/Commons (1.9.1)
  - WalletConnectSwiftV2/HTTPClient (1.9.1)
  - WalletConnectSwiftV2/JSONRPC (1.9.1):
    - WalletConnectSwiftV2/Commons
  - WalletConnectSwiftV2/WalletConnect (1.9.1):
    - WalletConnectSwiftV2/WalletConnectAuth
    - WalletConnectSwiftV2/WalletConnectPush
    - WalletConnectSwiftV2/WalletConnectSign
    - WalletConnectSwiftV2/WalletConnectVerify
  - WalletConnectSwiftV2/WalletConnectAuth (1.9.1):
    - WalletConnectSwiftV2/WalletConnectPairing
    - WalletConnectSwiftV2/WalletConnectSigner
    - WalletConnectSwiftV2/WalletConnectVerify
  - WalletConnectSwiftV2/WalletConnectJWT (1.9.1):
    - WalletConnectSwiftV2/WalletConnectKMS
  - WalletConnectSwiftV2/WalletConnectKMS (1.9.1):
    - WalletConnectSwiftV2/WalletConnectUtils
  - WalletConnectSwiftV2/WalletConnectNetworking (1.9.1):
    - WalletConnectSwiftV2/HTTPClient
    - WalletConnectSwiftV2/WalletConnectRelay
  - WalletConnectSwiftV2/WalletConnectPairing (1.9.1):
    - WalletConnectSwiftV2/WalletConnectNetworking
  - WalletConnectSwiftV2/WalletConnectPush (1.9.1):
    - WalletConnectSwiftV2/WalletConnectJWT
    - WalletConnectSwiftV2/WalletConnectNetworking
  - WalletConnectSwiftV2/WalletConnectRelay (1.9.1):
    - WalletConnectSwiftV2/WalletConnectJWT
  - WalletConnectSwiftV2/WalletConnectSign (1.9.1):
    - WalletConnectSwiftV2/WalletConnectPairing
    - WalletConnectSwiftV2/WalletConnectVerify
  - WalletConnectSwiftV2/WalletConnectSigner (1.9.1):
    - WalletConnectSwiftV2/WalletConnectNetworking
  - WalletConnectSwiftV2/WalletConnectUtils (1.9.1):
    - WalletConnectSwiftV2/JSONRPC
  - WalletConnectSwiftV2/WalletConnectVerify (1.9.1):
    - WalletConnectSwiftV2/WalletConnectNetworking
    - WalletConnectSwiftV2/WalletConnectUtils

DEPENDENCIES:
  - ParticleAuthService (= 1.3.3)
  - ParticleNetworkBase (= 1.3.3)
  - ParticleWalletConnect (= 1.3.3)
  - SDWebImage
  - SDWebImageWebPCoder

SPEC REPOS:
  https://github.com/CocoaPods/Specs.git:
    - Alamofire
    - Base58.swift
    - BigInt
    - CryptoSwift
    - libwebp
    - ParticleAuthService
    - ParticleNetworkBase
    - ParticleWalletConnect
    - RxAlamofire
    - RxCocoa
    - RxRelay
    - RxSwift
    - SDWebImage
    - SDWebImageWebPCoder
    - Starscream
    - SwiftyJSON
    - SwiftyUserDefaults
    - WalletConnectSwiftV2

SPEC CHECKSUMS:
  Alamofire: 3ca42e259043ee0dc5c0cdd76c4bc568b8e42af7
  Base58.swift: e0e16655f9db843b8cd367593ed6f7d90d136b7f
  BigInt: f668a80089607f521586bbe29513d708491ef2f7
  CryptoSwift: 52aaf3fce7337552863b1d952e408085f0e65030
  libwebp: 33dc822fbbf4503668d09f7885bbfedc76c45e96
  ParticleAuthService: 99c22d8677a79ea220f65a6e3056b17c4d10b7a7
  ParticleNetworkBase: aa48e6741b6b9818f018b8aed2b8e28b65d66474
  ParticleWalletConnect: a8e7b8ce3fff2deb3a5dd79cf48eac48725a2cb4
  RxAlamofire: beb75a1c452d0de225651db4903f5d29d034a620
  RxCocoa: 94f817b71c07517321eb4f9ad299112ca8af743b
  RxRelay: 1de1523e604c72b6c68feadedd1af3b1b4d0ecbd
  RxSwift: 5710a9e6b17f3c3d6e40d6e559b9fa1e813b2ef8
  SDWebImage: 750adf017a315a280c60fde706ab1e552a3ae4e9
  SDWebImageWebPCoder: af09429398d99d524cae2fe00f6f0f6e491ed102
  Starscream: 4bb2f9942274833f7b4d296a55504dcfc7edb7b0
  SwiftyJSON: 2f33a42c6fbc52764d96f13368585094bfd8aa5e
  SwiftyUserDefaults: 63f80248cf5bfb3458825d9a78f2eb7e1293a040
  WalletConnectSwiftV2: 11a9110e95715d3cb11342f493bf17d12088939f

PODFILE CHECKSUM: 7c59f84b7f6fd44a218622b1046e0b653965d6f8

COCOAPODS: 1.14.2
