PODS:
  - Alamofire (5.6.4)
  - BigInt (5.2.0)
  - CryptoSwift (1.7.0)
  - libwebp (1.2.4):
    - libwebp/demux (= 1.2.4)
    - libwebp/mux (= 1.2.4)
    - libwebp/webp (= 1.2.4)
  - libwebp/demux (1.2.4):
    - libwebp/webp
  - libwebp/mux (1.2.4):
    - libwebp/demux
  - libwebp/webp (1.2.4)
  - ParticleAuthService (0.12.0):
    - CryptoSwift
    - ParticleNetworkBase
    - RxAlamofire (~> 6.1.1)
    - RxCocoa (= 6.5.0)
    - RxSwift (= 6.5.0)
    - SwiftyJSON (~> 5.0)
    - SwiftyUserDefaults (~> 5.3.0)
  - ParticleNetworkBase (0.12.0):
    - BigInt (~> 5.2.0)
    - CryptoSwift
  - ParticleWalletConnect (0.12.0):
    - RxAlamofire (~> 6.1.1)
    - RxCocoa (= 6.5.0)
    - RxSwift (= 6.5.0)
    - SwiftyUserDefaults (~> 5.3.0)
    - WalletConnectSwift
  - RxAlamofire (6.1.1):
    - RxAlamofire/Core (= 6.1.1)
  - RxAlamofire/Core (6.1.1):
    - Alamofire (~> 5.4)
    - RxSwift (~> 6.0)
  - RxCocoa (6.5.0):
    - RxRelay (= 6.5.0)
    - RxSwift (= 6.5.0)
  - RxRelay (6.5.0):
    - RxSwift (= 6.5.0)
  - RxSwift (6.5.0)
  - SDWebImage (5.15.5):
    - SDWebImage/Core (= 5.15.5)
  - SDWebImage/Core (5.15.5)
  - SDWebImageWebPCoder (0.11.0):
    - libwebp (~> 1.0)
    - SDWebImage/Core (~> 5.15)
  - SwiftyJSON (5.0.1)
  - SwiftyUserDefaults (5.3.0)
  - WalletConnectSwift (1.7.0):
    - CryptoSwift (~> 1.5)

DEPENDENCIES:
  - ParticleAuthService (= 0.12.0)
  - ParticleNetworkBase (= 0.12.0)
  - ParticleWalletConnect (= 0.12.0)
  - SDWebImage
  - SDWebImageWebPCoder
  - WalletConnectSwift (from `https://github.com/SunZhiC/WalletConnectSwift`, branch `master`)

SPEC REPOS:
  https://github.com/CocoaPods/Specs.git:
    - Alamofire
    - BigInt
    - CryptoSwift
    - libwebp
    - ParticleAuthService
    - ParticleNetworkBase
    - ParticleWalletConnect
    - RxAlamofire
    - RxCocoa
    - RxRelay
    - RxSwift
    - SDWebImage
    - SDWebImageWebPCoder
    - SwiftyJSON
    - SwiftyUserDefaults

EXTERNAL SOURCES:
  WalletConnectSwift:
    :branch: master
    :git: https://github.com/SunZhiC/WalletConnectSwift

CHECKOUT OPTIONS:
  WalletConnectSwift:
    :commit: fa43b956320911e2ee7c5268e100c452382d7f4b
    :git: https://github.com/SunZhiC/WalletConnectSwift

SPEC CHECKSUMS:
  Alamofire: 4e95d97098eacb88856099c4fc79b526a299e48c
  BigInt: f668a80089607f521586bbe29513d708491ef2f7
  CryptoSwift: e71dbe5bbb7a945e365d4b9034dbccf28d033a8f
  libwebp: f62cb61d0a484ba548448a4bd52aabf150ff6eef
  ParticleAuthService: 8ccd8b02ed3152830f5af06eef60b5b3d9be1151
  ParticleNetworkBase: 30d0be1a52b44db9fa6df4983b5d9d0192c50da2
  ParticleWalletConnect: d4b9685877933a5cb07b62cdda83a2c7afa11a09
  RxAlamofire: beb75a1c452d0de225651db4903f5d29d034a620
  RxCocoa: 94f817b71c07517321eb4f9ad299112ca8af743b
  RxRelay: 1de1523e604c72b6c68feadedd1af3b1b4d0ecbd
  RxSwift: 5710a9e6b17f3c3d6e40d6e559b9fa1e813b2ef8
  SDWebImage: fd7e1a22f00303e058058278639bf6196ee431fe
  SDWebImageWebPCoder: 295a6573c512f54ad2dd58098e64e17dcf008499
  SwiftyJSON: 2f33a42c6fbc52764d96f13368585094bfd8aa5e
  SwiftyUserDefaults: 63f80248cf5bfb3458825d9a78f2eb7e1293a040
  WalletConnectSwift: 6309bf3011b0b30e3e9d1e7449535302a9240f71

PODFILE CHECKSUM: af8544b507ddb56edcf2340c14c847b39177f921

COCOAPODS: 1.12.0
