PODS:
  - Alamofire (5.7.1)
  - BigInt (5.2.0)
  - CryptoSwift (1.7.1)
  - ParticleAuthService (0.13.2):
    - CryptoSwift
    - ParticleNetworkBase
    - RxAlamofire (~> 6.1.1)
    - RxCocoa (= 6.5.0)
    - RxSwift (= 6.5.0)
    - SwiftyJSON (~> 5.0)
    - SwiftyUserDefaults (~> 5.3.0)
  - ParticleNetworkBase (0.13.2):
    - BigInt (~> 5.2.0)
    - CryptoSwift
    - RxAlamofire (~> 6.1.1)
    - RxCocoa (= 6.5.0)
    - RxSwift (= 6.5.0)
    - SwiftyJSON (~> 5.0)
    - SwiftyUserDefaults (~> 5.3.0)
  - RxAlamofire (6.1.1):
    - RxAlamofire/Core (= 6.1.1)
  - RxAlamofire/Core (6.1.1):
    - Alamofire (~> 5.4)
    - RxSwift (~> 6.0)
  - RxCocoa (6.5.0):
    - RxRelay (= 6.5.0)
    - RxSwift (= 6.5.0)
  - RxRelay (6.5.0):
    - RxSwift (= 6.5.0)
  - RxSwift (6.5.0)
  - SwiftyJSON (5.0.1)
  - SwiftyUserDefaults (5.3.0)

DEPENDENCIES:
  - ParticleAuthService (= 0.13.2)
  - ParticleNetworkBase (= 0.13.2)

SPEC REPOS:
  https://github.com/CocoaPods/Specs.git:
    - Alamofire
    - BigInt
    - CryptoSwift
    - ParticleAuthService
    - ParticleNetworkBase
    - RxAlamofire
    - RxCocoa
    - RxRelay
    - RxSwift
    - SwiftyJSON
    - SwiftyUserDefaults

SPEC CHECKSUMS:
  Alamofire: 0123a34370cb170936ae79a8df46cc62b2edeb88
  BigInt: f668a80089607f521586bbe29513d708491ef2f7
  CryptoSwift: d3d18dc357932f7e6d580689e065cf1f176007c1
  ParticleAuthService: bce84b426b7464076869a4c7e8ce75301b2d7689
  ParticleNetworkBase: 35a5d1a9083599c0b811a25d6d8572c6bf82ef9b
  RxAlamofire: beb75a1c452d0de225651db4903f5d29d034a620
  RxCocoa: 94f817b71c07517321eb4f9ad299112ca8af743b
  RxRelay: 1de1523e604c72b6c68feadedd1af3b1b4d0ecbd
  RxSwift: 5710a9e6b17f3c3d6e40d6e559b9fa1e813b2ef8
  SwiftyJSON: 2f33a42c6fbc52764d96f13368585094bfd8aa5e
  SwiftyUserDefaults: 63f80248cf5bfb3458825d9a78f2eb7e1293a040

PODFILE CHECKSUM: 26ec1d1a1467b6ed22b39629af34eb600a35e4c2

COCOAPODS: 1.12.0
