// !$*UTF8*$!
{
	archiveVersion = 1;
	classes = {
	};
	objectVersion = 56;
	objects = {

/* Begin PBXBuildFile section */
		5F68937A2B05B80500F6833A /* AppDelegate.swift in Sources */ = {isa = PBXBuildFile; fileRef = 5F6893792B05B80500F6833A /* AppDelegate.swift */; };
		5F68937E2B05B80500F6833A /* ViewController.swift in Sources */ = {isa = PBXBuildFile; fileRef = 5F68937D2B05B80500F6833A /* ViewController.swift */; };
		5F6893812B05B80500F6833A /* Main.storyboard in Resources */ = {isa = PBXBuildFile; fileRef = 5F68937F2B05B80500F6833A /* Main.storyboard */; };
		5F6893832B05B80600F6833A /* Assets.xcassets in Resources */ = {isa = PBXBuildFile; fileRef = 5F6893822B05B80600F6833A /* Assets.xcassets */; };
		5F6893862B05B80600F6833A /* LaunchScreen.storyboard in Resources */ = {isa = PBXBuildFile; fileRef = 5F6893842B05B80600F6833A /* LaunchScreen.storyboard */; };
		5F68938E2B05BDD200F6833A /* ParticleNetwork-Info.plist in Resources */ = {isa = PBXBuildFile; fileRef = 5F68938D2B05BDD200F6833A /* ParticleNetwork-Info.plist */; };
		AFEB4FB8C7062461D4484BAF /* Pods_ParticleConnectExample.framework in Frameworks */ = {isa = PBXBuildFile; fileRef = FF6E3E787DF1C383F7F3C06A /* Pods_ParticleConnectExample.framework */; };
/* End PBXBuildFile section */

/* Begin PBXFileReference section */
		5F6893762B05B80500F6833A /* ParticleConnectExample.app */ = {isa = PBXFileReference; explicitFileType = wrapper.application; includeInIndex = 0; path = ParticleConnectExample.app; sourceTree = BUILT_PRODUCTS_DIR; };
		5F6893792B05B80500F6833A /* AppDelegate.swift */ = {isa = PBXFileReference; lastKnownFileType = sourcecode.swift; path = AppDelegate.swift; sourceTree = "<group>"; };
		5F68937D2B05B80500F6833A /* ViewController.swift */ = {isa = PBXFileReference; lastKnownFileType = sourcecode.swift; path = ViewController.swift; sourceTree = "<group>"; };
		5F6893802B05B80500F6833A /* Base */ = {isa = PBXFileReference; lastKnownFileType = file.storyboard; name = Base; path = Base.lproj/Main.storyboard; sourceTree = "<group>"; };
		5F6893822B05B80600F6833A /* Assets.xcassets */ = {isa = PBXFileReference; lastKnownFileType = folder.assetcatalog; path = Assets.xcassets; sourceTree = "<group>"; };
		5F6893852B05B80600F6833A /* Base */ = {isa = PBXFileReference; lastKnownFileType = file.storyboard; name = Base; path = Base.lproj/LaunchScreen.storyboard; sourceTree = "<group>"; };
		5F6893872B05B80600F6833A /* Info.plist */ = {isa = PBXFileReference; lastKnownFileType = text.plist.xml; path = Info.plist; sourceTree = "<group>"; };
		5F68938D2B05BDD200F6833A /* ParticleNetwork-Info.plist */ = {isa = PBXFileReference; fileEncoding = 4; lastKnownFileType = text.plist.xml; path = "ParticleNetwork-Info.plist"; sourceTree = "<group>"; };
		B29B561A6B77557AC1E866A6 /* Pods-ParticleConnectExample.debug.xcconfig */ = {isa = PBXFileReference; includeInIndex = 1; lastKnownFileType = text.xcconfig; name = "Pods-ParticleConnectExample.debug.xcconfig"; path = "Target Support Files/Pods-ParticleConnectExample/Pods-ParticleConnectExample.debug.xcconfig"; sourceTree = "<group>"; };
		DD5FC1E1C42302FADBDEB8D7 /* Pods-ParticleConnectExample.release.xcconfig */ = {isa = PBXFileReference; includeInIndex = 1; lastKnownFileType = text.xcconfig; name = "Pods-ParticleConnectExample.release.xcconfig"; path = "Target Support Files/Pods-ParticleConnectExample/Pods-ParticleConnectExample.release.xcconfig"; sourceTree = "<group>"; };
		FF6E3E787DF1C383F7F3C06A /* Pods_ParticleConnectExample.framework */ = {isa = PBXFileReference; explicitFileType = wrapper.framework; includeInIndex = 0; path = Pods_ParticleConnectExample.framework; sourceTree = BUILT_PRODUCTS_DIR; };
/* End PBXFileReference section */

/* Begin PBXFrameworksBuildPhase section */
		5F6893732B05B80500F6833A /* Frameworks */ = {
			isa = PBXFrameworksBuildPhase;
			buildActionMask = 2147483647;
			files = (
				AFEB4FB8C7062461D4484BAF /* Pods_ParticleConnectExample.framework in Frameworks */,
			);
			runOnlyForDeploymentPostprocessing = 0;
		};
/* End PBXFrameworksBuildPhase section */

/* Begin PBXGroup section */
		5F68936D2B05B80500F6833A = {
			isa = PBXGroup;
			children = (
				5F6893782B05B80500F6833A /* ParticleConnectExample */,
				5F6893772B05B80500F6833A /* Products */,
				C72B9D854F32A55AEA899590 /* Pods */,
				D632C5C20DABBEC1B1DE02CB /* Frameworks */,
			);
			sourceTree = "<group>";
		};
		5F6893772B05B80500F6833A /* Products */ = {
			isa = PBXGroup;
			children = (
				5F6893762B05B80500F6833A /* ParticleConnectExample.app */,
			);
			name = Products;
			sourceTree = "<group>";
		};
		5F6893782B05B80500F6833A /* ParticleConnectExample */ = {
			isa = PBXGroup;
			children = (
				5F6893792B05B80500F6833A /* AppDelegate.swift */,
				5F68937D2B05B80500F6833A /* ViewController.swift */,
				5F68938D2B05BDD200F6833A /* ParticleNetwork-Info.plist */,
				5F68937F2B05B80500F6833A /* Main.storyboard */,
				5F6893822B05B80600F6833A /* Assets.xcassets */,
				5F6893842B05B80600F6833A /* LaunchScreen.storyboard */,
				5F6893872B05B80600F6833A /* Info.plist */,
			);
			path = ParticleConnectExample;
			sourceTree = "<group>";
		};
		C72B9D854F32A55AEA899590 /* Pods */ = {
			isa = PBXGroup;
			children = (
				B29B561A6B77557AC1E866A6 /* Pods-ParticleConnectExample.debug.xcconfig */,
				DD5FC1E1C42302FADBDEB8D7 /* Pods-ParticleConnectExample.release.xcconfig */,
			);
			path = Pods;
			sourceTree = "<group>";
		};
		D632C5C20DABBEC1B1DE02CB /* Frameworks */ = {
			isa = PBXGroup;
			children = (
				FF6E3E787DF1C383F7F3C06A /* Pods_ParticleConnectExample.framework */,
			);
			name = Frameworks;
			sourceTree = "<group>";
		};
/* End PBXGroup section */

/* Begin PBXNativeTarget section */
		5F6893752B05B80500F6833A /* ParticleConnectExample */ = {
			isa = PBXNativeTarget;
			buildConfigurationList = 5F68938A2B05B80600F6833A /* Build configuration list for PBXNativeTarget "ParticleConnectExample" */;
			buildPhases = (
				49886D920FA6493413AFCD08 /* [CP] Check Pods Manifest.lock */,
				5F6893722B05B80500F6833A /* Sources */,
				5F6893732B05B80500F6833A /* Frameworks */,
				5F6893742B05B80500F6833A /* Resources */,
				620121F02FD2355CE78F1E9F /* [CP] Embed Pods Frameworks */,
				C9774D6E8AFEE2A030E6E84B /* [CP] Copy Pods Resources */,
			);
			buildRules = (
			);
			dependencies = (
			);
			name = ParticleConnectExample;
			productName = ParticleConnectExample;
			productReference = 5F6893762B05B80500F6833A /* ParticleConnectExample.app */;
			productType = "com.apple.product-type.application";
		};
/* End PBXNativeTarget section */

/* Begin PBXProject section */
		5F68936E2B05B80500F6833A /* Project object */ = {
			isa = PBXProject;
			attributes = {
				BuildIndependentTargetsInParallel = 1;
				LastSwiftUpdateCheck = 1420;
				LastUpgradeCheck = 1420;
				TargetAttributes = {
					5F6893752B05B80500F6833A = {
						CreatedOnToolsVersion = 14.2;
					};
				};
			};
			buildConfigurationList = 5F6893712B05B80500F6833A /* Build configuration list for PBXProject "ParticleConnectExample" */;
			compatibilityVersion = "Xcode 14.0";
			developmentRegion = en;
			hasScannedForEncodings = 0;
			knownRegions = (
				en,
				Base,
			);
			mainGroup = 5F68936D2B05B80500F6833A;
			productRefGroup = 5F6893772B05B80500F6833A /* Products */;
			projectDirPath = "";
			projectRoot = "";
			targets = (
				5F6893752B05B80500F6833A /* ParticleConnectExample */,
			);
		};
/* End PBXProject section */

/* Begin PBXResourcesBuildPhase section */
		5F6893742B05B80500F6833A /* Resources */ = {
			isa = PBXResourcesBuildPhase;
			buildActionMask = 2147483647;
			files = (
				5F6893862B05B80600F6833A /* LaunchScreen.storyboard in Resources */,
				5F6893832B05B80600F6833A /* Assets.xcassets in Resources */,
				5F6893812B05B80500F6833A /* Main.storyboard in Resources */,
				5F68938E2B05BDD200F6833A /* ParticleNetwork-Info.plist in Resources */,
			);
			runOnlyForDeploymentPostprocessing = 0;
		};
/* End PBXResourcesBuildPhase section */

/* Begin PBXShellScriptBuildPhase section */
		49886D920FA6493413AFCD08 /* [CP] Check Pods Manifest.lock */ = {
			isa = PBXShellScriptBuildPhase;
			buildActionMask = 2147483647;
			files = (
			);
			inputFileListPaths = (
			);
			inputPaths = (
				"${PODS_PODFILE_DIR_PATH}/Podfile.lock",
				"${PODS_ROOT}/Manifest.lock",
			);
			name = "[CP] Check Pods Manifest.lock";
			outputFileListPaths = (
			);
			outputPaths = (
				"$(DERIVED_FILE_DIR)/Pods-ParticleConnectExample-checkManifestLockResult.txt",
			);
			runOnlyForDeploymentPostprocessing = 0;
			shellPath = /bin/sh;
			shellScript = "diff \"${PODS_PODFILE_DIR_PATH}/Podfile.lock\" \"${PODS_ROOT}/Manifest.lock\" > /dev/null\nif [ $? != 0 ] ; then\n    # print error to STDERR\n    echo \"error: The sandbox is not in sync with the Podfile.lock. Run 'pod install' or update your CocoaPods installation.\" >&2\n    exit 1\nfi\n# This output is used by Xcode 'outputs' to avoid re-running this script phase.\necho \"SUCCESS\" > \"${SCRIPT_OUTPUT_FILE_0}\"\n";
			showEnvVarsInLog = 0;
		};
		620121F02FD2355CE78F1E9F /* [CP] Embed Pods Frameworks */ = {
			isa = PBXShellScriptBuildPhase;
			buildActionMask = 2147483647;
			files = (
			);
			inputFileListPaths = (
				"${PODS_ROOT}/Target Support Files/Pods-ParticleConnectExample/Pods-ParticleConnectExample-frameworks-${CONFIGURATION}-input-files.xcfilelist",
			);
			name = "[CP] Embed Pods Frameworks";
			outputFileListPaths = (
				"${PODS_ROOT}/Target Support Files/Pods-ParticleConnectExample/Pods-ParticleConnectExample-frameworks-${CONFIGURATION}-output-files.xcfilelist",
			);
			runOnlyForDeploymentPostprocessing = 0;
			shellPath = /bin/sh;
			shellScript = "\"${PODS_ROOT}/Target Support Files/Pods-ParticleConnectExample/Pods-ParticleConnectExample-frameworks.sh\"\n";
			showEnvVarsInLog = 0;
		};
		C9774D6E8AFEE2A030E6E84B /* [CP] Copy Pods Resources */ = {
			isa = PBXShellScriptBuildPhase;
			buildActionMask = 2147483647;
			files = (
			);
			inputFileListPaths = (
				"${PODS_ROOT}/Target Support Files/Pods-ParticleConnectExample/Pods-ParticleConnectExample-resources-${CONFIGURATION}-input-files.xcfilelist",
			);
			name = "[CP] Copy Pods Resources";
			outputFileListPaths = (
				"${PODS_ROOT}/Target Support Files/Pods-ParticleConnectExample/Pods-ParticleConnectExample-resources-${CONFIGURATION}-output-files.xcfilelist",
			);
			runOnlyForDeploymentPostprocessing = 0;
			shellPath = /bin/sh;
			shellScript = "\"${PODS_ROOT}/Target Support Files/Pods-ParticleConnectExample/Pods-ParticleConnectExample-resources.sh\"\n";
			showEnvVarsInLog = 0;
		};
/* End PBXShellScriptBuildPhase section */

/* Begin PBXSourcesBuildPhase section */
		5F6893722B05B80500F6833A /* Sources */ = {
			isa = PBXSourcesBuildPhase;
			buildActionMask = 2147483647;
			files = (
				5F68937E2B05B80500F6833A /* ViewController.swift in Sources */,
				5F68937A2B05B80500F6833A /* AppDelegate.swift in Sources */,
			);
			runOnlyForDeploymentPostprocessing = 0;
		};
/* End PBXSourcesBuildPhase section */

/* Begin PBXVariantGroup section */
		5F68937F2B05B80500F6833A /* Main.storyboard */ = {
			isa = PBXVariantGroup;
			children = (
				5F6893802B05B80500F6833A /* Base */,
			);
			name = Main.storyboard;
			sourceTree = "<group>";
		};
		5F6893842B05B80600F6833A /* LaunchScreen.storyboard */ = {
			isa = PBXVariantGroup;
			children = (
				5F6893852B05B80600F6833A /* Base */,
			);
			name = LaunchScreen.storyboard;
			sourceTree = "<group>";
		};
/* End PBXVariantGroup section */

/* Begin XCBuildConfiguration section */
		5F6893882B05B80600F6833A /* Debug */ = {
			isa = XCBuildConfiguration;
			buildSettings = {
				ALWAYS_SEARCH_USER_PATHS = NO;
				CLANG_ANALYZER_NONNULL = YES;
				CLANG_ANALYZER_NUMBER_OBJECT_CONVERSION = YES_AGGRESSIVE;
				CLANG_CXX_LANGUAGE_STANDARD = "gnu++20";
				CLANG_ENABLE_MODULES = YES;
				CLANG_ENABLE_OBJC_ARC = YES;
				CLANG_ENABLE_OBJC_WEAK = YES;
				CLANG_WARN_BLOCK_CAPTURE_AUTORELEASING = YES;
				CLANG_WARN_BOOL_CONVERSION = YES;
				CLANG_WARN_COMMA = YES;
				CLANG_WARN_CONSTANT_CONVERSION = YES;
				CLANG_WARN_DEPRECATED_OBJC_IMPLEMENTATIONS = YES;
				CLANG_WARN_DIRECT_OBJC_ISA_USAGE = YES_ERROR;
				CLANG_WARN_DOCUMENTATION_COMMENTS = YES;
				CLANG_WARN_EMPTY_BODY = YES;
				CLANG_WARN_ENUM_CONVERSION = YES;
				CLANG_WARN_INFINITE_RECURSION = YES;
				CLANG_WARN_INT_CONVERSION = YES;
				CLANG_WARN_NON_LITERAL_NULL_CONVERSION = YES;
				CLANG_WARN_OBJC_IMPLICIT_RETAIN_SELF = YES;
				CLANG_WARN_OBJC_LITERAL_CONVERSION = YES;
				CLANG_WARN_OBJC_ROOT_CLASS = YES_ERROR;
				CLANG_WARN_QUOTED_INCLUDE_IN_FRAMEWORK_HEADER = YES;
				CLANG_WARN_RANGE_LOOP_ANALYSIS = YES;
				CLANG_WARN_STRICT_PROTOTYPES = YES;
				CLANG_WARN_SUSPICIOUS_MOVE = YES;
				CLANG_WARN_UNGUARDED_AVAILABILITY = YES_AGGRESSIVE;
				CLANG_WARN_UNREACHABLE_CODE = YES;
				CLANG_WARN__DUPLICATE_METHOD_MATCH = YES;
				COPY_PHASE_STRIP = NO;
				DEBUG_INFORMATION_FORMAT = dwarf;
				ENABLE_STRICT_OBJC_MSGSEND = YES;
				ENABLE_TESTABILITY = YES;
				GCC_C_LANGUAGE_STANDARD = gnu11;
				GCC_DYNAMIC_NO_PIC = NO;
				GCC_NO_COMMON_BLOCKS = YES;
				GCC_OPTIMIZATION_LEVEL = 0;
				GCC_PREPROCESSOR_DEFINITIONS = (
					"DEBUG=1",
					"$(inherited)",
				);
				GCC_WARN_64_TO_32_BIT_CONVERSION = YES;
				GCC_WARN_ABOUT_RETURN_TYPE = YES_ERROR;
				GCC_WARN_UNDECLARED_SELECTOR = YES;
				GCC_WARN_UNINITIALIZED_AUTOS = YES_AGGRESSIVE;
				GCC_WARN_UNUSED_FUNCTION = YES;
				GCC_WARN_UNUSED_VARIABLE = YES;
				IPHONEOS_DEPLOYMENT_TARGET = 16.2;
				MTL_ENABLE_DEBUG_INFO = INCLUDE_SOURCE;
				MTL_FAST_MATH = YES;
				ONLY_ACTIVE_ARCH = YES;
				SDKROOT = iphoneos;
				SWIFT_ACTIVE_COMPILATION_CONDITIONS = DEBUG;
				SWIFT_OPTIMIZATION_LEVEL = "-Onone";
			};
			name = Debug;
		};
		5F6893892B05B80600F6833A /* Release */ = {
			isa = XCBuildConfiguration;
			buildSettings = {
				ALWAYS_SEARCH_USER_PATHS = NO;
				CLANG_ANALYZER_NONNULL = YES;
				CLANG_ANALYZER_NUMBER_OBJECT_CONVERSION = YES_AGGRESSIVE;
				CLANG_CXX_LANGUAGE_STANDARD = "gnu++20";
				CLANG_ENABLE_MODULES = YES;
				CLANG_ENABLE_OBJC_ARC = YES;
				CLANG_ENABLE_OBJC_WEAK = YES;
				CLANG_WARN_BLOCK_CAPTURE_AUTORELEASING = YES;
				CLANG_WARN_BOOL_CONVERSION = YES;
				CLANG_WARN_COMMA = YES;
				CLANG_WARN_CONSTANT_CONVERSION = YES;
				CLANG_WARN_DEPRECATED_OBJC_IMPLEMENTATIONS = YES;
				CLANG_WARN_DIRECT_OBJC_ISA_USAGE = YES_ERROR;
				CLANG_WARN_DOCUMENTATION_COMMENTS = YES;
				CLANG_WARN_EMPTY_BODY = YES;
				CLANG_WARN_ENUM_CONVERSION = YES;
				CLANG_WARN_INFINITE_RECURSION = YES;
				CLANG_WARN_INT_CONVERSION = YES;
				CLANG_WARN_NON_LITERAL_NULL_CONVERSION = YES;
				CLANG_WARN_OBJC_IMPLICIT_RETAIN_SELF = YES;
				CLANG_WARN_OBJC_LITERAL_CONVERSION = YES;
				CLANG_WARN_OBJC_ROOT_CLASS = YES_ERROR;
				CLANG_WARN_QUOTED_INCLUDE_IN_FRAMEWORK_HEADER = YES;
				CLANG_WARN_RANGE_LOOP_ANALYSIS = YES;
				CLANG_WARN_STRICT_PROTOTYPES = YES;
				CLANG_WARN_SUSPICIOUS_MOVE = YES;
				CLANG_WARN_UNGUARDED_AVAILABILITY = YES_AGGRESSIVE;
				CLANG_WARN_UNREACHABLE_CODE = YES;
				CLANG_WARN__DUPLICATE_METHOD_MATCH = YES;
				COPY_PHASE_STRIP = NO;
				DEBUG_INFORMATION_FORMAT = "dwarf-with-dsym";
				ENABLE_NS_ASSERTIONS = NO;
				ENABLE_STRICT_OBJC_MSGSEND = YES;
				GCC_C_LANGUAGE_STANDARD = gnu11;
				GCC_NO_COMMON_BLOCKS = YES;
				GCC_WARN_64_TO_32_BIT_CONVERSION = YES;
				GCC_WARN_ABOUT_RETURN_TYPE = YES_ERROR;
				GCC_WARN_UNDECLARED_SELECTOR = YES;
				GCC_WARN_UNINITIALIZED_AUTOS = YES_AGGRESSIVE;
				GCC_WARN_UNUSED_FUNCTION = YES;
				GCC_WARN_UNUSED_VARIABLE = YES;
				IPHONEOS_DEPLOYMENT_TARGET = 16.2;
				MTL_ENABLE_DEBUG_INFO = NO;
				MTL_FAST_MATH = YES;
				SDKROOT = iphoneos;
				SWIFT_COMPILATION_MODE = wholemodule;
				SWIFT_OPTIMIZATION_LEVEL = "-O";
				VALIDATE_PRODUCT = YES;
			};
			name = Release;
		};
		5F68938B2B05B80600F6833A /* Debug */ = {
			isa = XCBuildConfiguration;
			baseConfigurationReference = B29B561A6B77557AC1E866A6 /* Pods-ParticleConnectExample.debug.xcconfig */;
			buildSettings = {
				ASSETCATALOG_COMPILER_APPICON_NAME = AppIcon;
				ASSETCATALOG_COMPILER_GLOBAL_ACCENT_COLOR_NAME = AccentColor;
				CODE_SIGN_STYLE = Automatic;
				CURRENT_PROJECT_VERSION = 1;
				DEVELOPMENT_TEAM = TS2Y2QXMF3;
				GENERATE_INFOPLIST_FILE = YES;
				INFOPLIST_FILE = ParticleConnectExample/Info.plist;
				INFOPLIST_KEY_UIApplicationSupportsIndirectInputEvents = YES;
				INFOPLIST_KEY_UILaunchStoryboardName = LaunchScreen;
				INFOPLIST_KEY_UIMainStoryboardFile = Main;
				INFOPLIST_KEY_UISupportedInterfaceOrientations_iPad = "UIInterfaceOrientationPortrait UIInterfaceOrientationPortraitUpsideDown UIInterfaceOrientationLandscapeLeft UIInterfaceOrientationLandscapeRight";
				INFOPLIST_KEY_UISupportedInterfaceOrientations_iPhone = "UIInterfaceOrientationPortrait UIInterfaceOrientationLandscapeLeft UIInterfaceOrientationLandscapeRight";
				LD_RUNPATH_SEARCH_PATHS = (
					"$(inherited)",
					"@executable_path/Frameworks",
				);
				MARKETING_VERSION = 1.0;
				PRODUCT_BUNDLE_IDENTIFIER = network.particle.guide.ParticleConnectExample;
				PRODUCT_NAME = "$(TARGET_NAME)";
				SWIFT_EMIT_LOC_STRINGS = YES;
				SWIFT_VERSION = 5.0;
				TARGETED_DEVICE_FAMILY = "1,2";
			};
			name = Debug;
		};
		5F68938C2B05B80600F6833A /* Release */ = {
			isa = XCBuildConfiguration;
			baseConfigurationReference = DD5FC1E1C42302FADBDEB8D7 /* Pods-ParticleConnectExample.release.xcconfig */;
			buildSettings = {
				ASSETCATALOG_COMPILER_APPICON_NAME = AppIcon;
				ASSETCATALOG_COMPILER_GLOBAL_ACCENT_COLOR_NAME = AccentColor;
				CODE_SIGN_STYLE = Automatic;
				CURRENT_PROJECT_VERSION = 1;
				DEVELOPMENT_TEAM = TS2Y2QXMF3;
				GENERATE_INFOPLIST_FILE = YES;
				INFOPLIST_FILE = ParticleConnectExample/Info.plist;
				INFOPLIST_KEY_UIApplicationSupportsIndirectInputEvents = YES;
				INFOPLIST_KEY_UILaunchStoryboardName = LaunchScreen;
				INFOPLIST_KEY_UIMainStoryboardFile = Main;
				INFOPLIST_KEY_UISupportedInterfaceOrientations_iPad = "UIInterfaceOrientationPortrait UIInterfaceOrientationPortraitUpsideDown UIInterfaceOrientationLandscapeLeft UIInterfaceOrientationLandscapeRight";
				INFOPLIST_KEY_UISupportedInterfaceOrientations_iPhone = "UIInterfaceOrientationPortrait UIInterfaceOrientationLandscapeLeft UIInterfaceOrientationLandscapeRight";
				LD_RUNPATH_SEARCH_PATHS = (
					"$(inherited)",
					"@executable_path/Frameworks",
				);
				MARKETING_VERSION = 1.0;
				PRODUCT_BUNDLE_IDENTIFIER = network.particle.guide.ParticleConnectExample;
				PRODUCT_NAME = "$(TARGET_NAME)";
				SWIFT_EMIT_LOC_STRINGS = YES;
				SWIFT_VERSION = 5.0;
				TARGETED_DEVICE_FAMILY = "1,2";
			};
			name = Release;
		};
/* End XCBuildConfiguration section */

/* Begin XCConfigurationList section */
		5F6893712B05B80500F6833A /* Build configuration list for PBXProject "ParticleConnectExample" */ = {
			isa = XCConfigurationList;
			buildConfigurations = (
				5F6893882B05B80600F6833A /* Debug */,
				5F6893892B05B80600F6833A /* Release */,
			);
			defaultConfigurationIsVisible = 0;
			defaultConfigurationName = Release;
		};
		5F68938A2B05B80600F6833A /* Build configuration list for PBXNativeTarget "ParticleConnectExample" */ = {
			isa = XCConfigurationList;
			buildConfigurations = (
				5F68938B2B05B80600F6833A /* Debug */,
				5F68938C2B05B80600F6833A /* Release */,
			);
			defaultConfigurationIsVisible = 0;
			defaultConfigurationName = Release;
		};
/* End XCConfigurationList section */
	};
	rootObject = 5F68936E2B05B80500F6833A /* Project object */;
}
