// !$*UTF8*$!
{
	archiveVersion = 1;
	classes = {
	};
	objectVersion = 53;
	objects = {

/* Begin PBXBuildFile section */
		5F9914372918AE1C00E66BC2 /* AppDelegate.swift in Sources */ = {isa = PBXBuildFile; fileRef = 5F9914362918AE1C00E66BC2 /* AppDelegate.swift */; };
		5F99143B2918AE1C00E66BC2 /* ViewController.swift in Sources */ = {isa = PBXBuildFile; fileRef = 5F99143A2918AE1C00E66BC2 /* ViewController.swift */; };
		5F99143E2918AE1C00E66BC2 /* Main.storyboard in Resources */ = {isa = PBXBuildFile; fileRef = 5F99143C2918AE1C00E66BC2 /* Main.storyboard */; };
		5F9914402918AE1D00E66BC2 /* Assets.xcassets in Resources */ = {isa = PBXBuildFile; fileRef = 5F99143F2918AE1D00E66BC2 /* Assets.xcassets */; };
		5F9914432918AE1D00E66BC2 /* LaunchScreen.storyboard in Resources */ = {isa = PBXBuildFile; fileRef = 5F9914412918AE1D00E66BC2 /* LaunchScreen.storyboard */; };
		5F99144B2918AF1200E66BC2 /* ParticleNetwork-Info.plist in Resources */ = {isa = PBXBuildFile; fileRef = 5F99144A2918AF1200E66BC2 /* ParticleNetwork-Info.plist */; };
		5F99144D2918B27300E66BC2 /* ScanViewController.swift in Sources */ = {isa = PBXBuildFile; fileRef = 5F99144C2918B27300E66BC2 /* ScanViewController.swift */; };
		5F99144F2918B2EF00E66BC2 /* QRCodeTool.swift in Sources */ = {isa = PBXBuildFile; fileRef = 5F99144E2918B2EF00E66BC2 /* QRCodeTool.swift */; };
		A681472D16ED5396A687FC03 /* Pods_ParticleWalletConnectDemo.framework in Frameworks */ = {isa = PBXBuildFile; fileRef = DB981A74C31B76F0AE8E5E8F /* Pods_ParticleWalletConnectDemo.framework */; };
/* End PBXBuildFile section */

/* Begin PBXFileReference section */
		5F9914332918AE1C00E66BC2 /* ParticleWalletConnectDemo.app */ = {isa = PBXFileReference; explicitFileType = wrapper.application; includeInIndex = 0; path = ParticleWalletConnectDemo.app; sourceTree = BUILT_PRODUCTS_DIR; };
		5F9914362918AE1C00E66BC2 /* AppDelegate.swift */ = {isa = PBXFileReference; lastKnownFileType = sourcecode.swift; path = AppDelegate.swift; sourceTree = "<group>"; };
		5F99143A2918AE1C00E66BC2 /* ViewController.swift */ = {isa = PBXFileReference; lastKnownFileType = sourcecode.swift; path = ViewController.swift; sourceTree = "<group>"; };
		5F99143D2918AE1C00E66BC2 /* Base */ = {isa = PBXFileReference; lastKnownFileType = file.storyboard; name = Base; path = Base.lproj/Main.storyboard; sourceTree = "<group>"; };
		5F99143F2918AE1D00E66BC2 /* Assets.xcassets */ = {isa = PBXFileReference; lastKnownFileType = folder.assetcatalog; path = Assets.xcassets; sourceTree = "<group>"; };
		5F9914422918AE1D00E66BC2 /* Base */ = {isa = PBXFileReference; lastKnownFileType = file.storyboard; name = Base; path = Base.lproj/LaunchScreen.storyboard; sourceTree = "<group>"; };
		5F9914442918AE1D00E66BC2 /* Info.plist */ = {isa = PBXFileReference; lastKnownFileType = text.plist.xml; path = Info.plist; sourceTree = "<group>"; };
		5F99144A2918AF1200E66BC2 /* ParticleNetwork-Info.plist */ = {isa = PBXFileReference; fileEncoding = 4; lastKnownFileType = text.plist.xml; path = "ParticleNetwork-Info.plist"; sourceTree = "<group>"; };
		5F99144C2918B27300E66BC2 /* ScanViewController.swift */ = {isa = PBXFileReference; lastKnownFileType = sourcecode.swift; path = ScanViewController.swift; sourceTree = "<group>"; };
		5F99144E2918B2EF00E66BC2 /* QRCodeTool.swift */ = {isa = PBXFileReference; lastKnownFileType = sourcecode.swift; path = QRCodeTool.swift; sourceTree = "<group>"; };
		66CD43D994AE7B41A84E4F2E /* Pods-ParticleWalletConnectDemo.release.xcconfig */ = {isa = PBXFileReference; includeInIndex = 1; lastKnownFileType = text.xcconfig; name = "Pods-ParticleWalletConnectDemo.release.xcconfig"; path = "Target Support Files/Pods-ParticleWalletConnectDemo/Pods-ParticleWalletConnectDemo.release.xcconfig"; sourceTree = "<group>"; };
		9CE5FAEC2933436664BD17B0 /* Pods-ParticleWalletConnectDemo.debug.xcconfig */ = {isa = PBXFileReference; includeInIndex = 1; lastKnownFileType = text.xcconfig; name = "Pods-ParticleWalletConnectDemo.debug.xcconfig"; path = "Target Support Files/Pods-ParticleWalletConnectDemo/Pods-ParticleWalletConnectDemo.debug.xcconfig"; sourceTree = "<group>"; };
		DB981A74C31B76F0AE8E5E8F /* Pods_ParticleWalletConnectDemo.framework */ = {isa = PBXFileReference; explicitFileType = wrapper.framework; includeInIndex = 0; path = Pods_ParticleWalletConnectDemo.framework; sourceTree = BUILT_PRODUCTS_DIR; };
/* End PBXFileReference section */

/* Begin PBXFrameworksBuildPhase section */
		5F9914302918AE1C00E66BC2 /* Frameworks */ = {
			isa = PBXFrameworksBuildPhase;
			buildActionMask = 2147483647;
			files = (
				A681472D16ED5396A687FC03 /* Pods_ParticleWalletConnectDemo.framework in Frameworks */,
			);
			runOnlyForDeploymentPostprocessing = 0;
		};
/* End PBXFrameworksBuildPhase section */

/* Begin PBXGroup section */
		053EA5BA22BD4D52597BD54C /* Frameworks */ = {
			isa = PBXGroup;
			children = (
				DB981A74C31B76F0AE8E5E8F /* Pods_ParticleWalletConnectDemo.framework */,
			);
			name = Frameworks;
			sourceTree = "<group>";
		};
		5F99142A2918AE1C00E66BC2 = {
			isa = PBXGroup;
			children = (
				5F9914352918AE1C00E66BC2 /* ParticleWalletConnectDemo */,
				5F9914342918AE1C00E66BC2 /* Products */,
				A9041CAB4843115F751DDC21 /* Pods */,
				053EA5BA22BD4D52597BD54C /* Frameworks */,
			);
			sourceTree = "<group>";
		};
		5F9914342918AE1C00E66BC2 /* Products */ = {
			isa = PBXGroup;
			children = (
				5F9914332918AE1C00E66BC2 /* ParticleWalletConnectDemo.app */,
			);
			name = Products;
			sourceTree = "<group>";
		};
		5F9914352918AE1C00E66BC2 /* ParticleWalletConnectDemo */ = {
			isa = PBXGroup;
			children = (
				5F99144A2918AF1200E66BC2 /* ParticleNetwork-Info.plist */,
				5F9914362918AE1C00E66BC2 /* AppDelegate.swift */,
				5F99143A2918AE1C00E66BC2 /* ViewController.swift */,
				5F99144C2918B27300E66BC2 /* ScanViewController.swift */,
				5F99144E2918B2EF00E66BC2 /* QRCodeTool.swift */,
				5F99143C2918AE1C00E66BC2 /* Main.storyboard */,
				5F99143F2918AE1D00E66BC2 /* Assets.xcassets */,
				5F9914412918AE1D00E66BC2 /* LaunchScreen.storyboard */,
				5F9914442918AE1D00E66BC2 /* Info.plist */,
			);
			path = ParticleWalletConnectDemo;
			sourceTree = "<group>";
		};
		A9041CAB4843115F751DDC21 /* Pods */ = {
			isa = PBXGroup;
			children = (
				9CE5FAEC2933436664BD17B0 /* Pods-ParticleWalletConnectDemo.debug.xcconfig */,
				66CD43D994AE7B41A84E4F2E /* Pods-ParticleWalletConnectDemo.release.xcconfig */,
			);
			path = Pods;
			sourceTree = "<group>";
		};
/* End PBXGroup section */

/* Begin PBXNativeTarget section */
		5F9914322918AE1C00E66BC2 /* ParticleWalletConnectDemo */ = {
			isa = PBXNativeTarget;
			buildConfigurationList = 5F9914472918AE1D00E66BC2 /* Build configuration list for PBXNativeTarget "ParticleWalletConnectDemo" */;
			buildPhases = (
				9AD1BDE7D76281415312BA28 /* [CP] Check Pods Manifest.lock */,
				5F99142F2918AE1C00E66BC2 /* Sources */,
				5F9914302918AE1C00E66BC2 /* Frameworks */,
				5F9914312918AE1C00E66BC2 /* Resources */,
				8C0DC3233F12FEF183AF2FED /* [CP] Embed Pods Frameworks */,
				B94A6D4FC034D80898675628 /* [CP] Copy Pods Resources */,
			);
			buildRules = (
			);
			dependencies = (
			);
			name = ParticleWalletConnectDemo;
			productName = ParticleWalletConnectDemo;
			productReference = 5F9914332918AE1C00E66BC2 /* ParticleWalletConnectDemo.app */;
			productType = "com.apple.product-type.application";
		};
/* End PBXNativeTarget section */

/* Begin PBXProject section */
		5F99142B2918AE1C00E66BC2 /* Project object */ = {
			isa = PBXProject;
			attributes = {
				BuildIndependentTargetsInParallel = 1;
				LastSwiftUpdateCheck = 1400;
				LastUpgradeCheck = 1400;
				TargetAttributes = {
					5F9914322918AE1C00E66BC2 = {
						CreatedOnToolsVersion = 14.0;
					};
				};
			};
			buildConfigurationList = 5F99142E2918AE1C00E66BC2 /* Build configuration list for PBXProject "ParticleWalletConnectDemo" */;
			compatibilityVersion = "Xcode 3.2";
			developmentRegion = en;
			hasScannedForEncodings = 0;
			knownRegions = (
				en,
				Base,
			);
			mainGroup = 5F99142A2918AE1C00E66BC2;
			productRefGroup = 5F9914342918AE1C00E66BC2 /* Products */;
			projectDirPath = "";
			projectRoot = "";
			targets = (
				5F9914322918AE1C00E66BC2 /* ParticleWalletConnectDemo */,
			);
		};
/* End PBXProject section */

/* Begin PBXResourcesBuildPhase section */
		5F9914312918AE1C00E66BC2 /* Resources */ = {
			isa = PBXResourcesBuildPhase;
			buildActionMask = 2147483647;
			files = (
				5F9914432918AE1D00E66BC2 /* LaunchScreen.storyboard in Resources */,
				5F9914402918AE1D00E66BC2 /* Assets.xcassets in Resources */,
				5F99143E2918AE1C00E66BC2 /* Main.storyboard in Resources */,
				5F99144B2918AF1200E66BC2 /* ParticleNetwork-Info.plist in Resources */,
			);
			runOnlyForDeploymentPostprocessing = 0;
		};
/* End PBXResourcesBuildPhase section */

/* Begin PBXShellScriptBuildPhase section */
		8C0DC3233F12FEF183AF2FED /* [CP] Embed Pods Frameworks */ = {
			isa = PBXShellScriptBuildPhase;
			buildActionMask = 2147483647;
			files = (
			);
			inputPaths = (
				"${PODS_ROOT}/Target Support Files/Pods-ParticleWalletConnectDemo/Pods-ParticleWalletConnectDemo-frameworks.sh",
				"${BUILT_PRODUCTS_DIR}/Alamofire/Alamofire.framework",
				"${BUILT_PRODUCTS_DIR}/CryptoSwift/CryptoSwift.framework",
				"${BUILT_PRODUCTS_DIR}/RxAlamofire/RxAlamofire.framework",
				"${BUILT_PRODUCTS_DIR}/RxCocoa/RxCocoa.framework",
				"${BUILT_PRODUCTS_DIR}/RxRelay/RxRelay.framework",
				"${BUILT_PRODUCTS_DIR}/RxSwift/RxSwift.framework",
				"${BUILT_PRODUCTS_DIR}/SDWebImage/SDWebImage.framework",
				"${BUILT_PRODUCTS_DIR}/SDWebImageWebPCoder/SDWebImageWebPCoder.framework",
				"${BUILT_PRODUCTS_DIR}/SwiftyJSON/SwiftyJSON.framework",
				"${BUILT_PRODUCTS_DIR}/SwiftyUserDefaults/SwiftyUserDefaults.framework",
				"${BUILT_PRODUCTS_DIR}/WalletConnectSwift/WalletConnectSwift.framework",
				"${BUILT_PRODUCTS_DIR}/libwebp/libwebp.framework",
			);
			name = "[CP] Embed Pods Frameworks";
			outputPaths = (
				"${TARGET_BUILD_DIR}/${FRAMEWORKS_FOLDER_PATH}/Alamofire.framework",
				"${TARGET_BUILD_DIR}/${FRAMEWORKS_FOLDER_PATH}/CryptoSwift.framework",
				"${TARGET_BUILD_DIR}/${FRAMEWORKS_FOLDER_PATH}/RxAlamofire.framework",
				"${TARGET_BUILD_DIR}/${FRAMEWORKS_FOLDER_PATH}/RxCocoa.framework",
				"${TARGET_BUILD_DIR}/${FRAMEWORKS_FOLDER_PATH}/RxRelay.framework",
				"${TARGET_BUILD_DIR}/${FRAMEWORKS_FOLDER_PATH}/RxSwift.framework",
				"${TARGET_BUILD_DIR}/${FRAMEWORKS_FOLDER_PATH}/SDWebImage.framework",
				"${TARGET_BUILD_DIR}/${FRAMEWORKS_FOLDER_PATH}/SDWebImageWebPCoder.framework",
				"${TARGET_BUILD_DIR}/${FRAMEWORKS_FOLDER_PATH}/SwiftyJSON.framework",
				"${TARGET_BUILD_DIR}/${FRAMEWORKS_FOLDER_PATH}/SwiftyUserDefaults.framework",
				"${TARGET_BUILD_DIR}/${FRAMEWORKS_FOLDER_PATH}/WalletConnectSwift.framework",
				"${TARGET_BUILD_DIR}/${FRAMEWORKS_FOLDER_PATH}/libwebp.framework",
			);
			runOnlyForDeploymentPostprocessing = 0;
			shellPath = /bin/sh;
			shellScript = "\"${PODS_ROOT}/Target Support Files/Pods-ParticleWalletConnectDemo/Pods-ParticleWalletConnectDemo-frameworks.sh\"\n";
			showEnvVarsInLog = 0;
		};
		9AD1BDE7D76281415312BA28 /* [CP] Check Pods Manifest.lock */ = {
			isa = PBXShellScriptBuildPhase;
			buildActionMask = 2147483647;
			files = (
			);
			inputFileListPaths = (
			);
			inputPaths = (
				"${PODS_PODFILE_DIR_PATH}/Podfile.lock",
				"${PODS_ROOT}/Manifest.lock",
			);
			name = "[CP] Check Pods Manifest.lock";
			outputFileListPaths = (
			);
			outputPaths = (
				"$(DERIVED_FILE_DIR)/Pods-ParticleWalletConnectDemo-checkManifestLockResult.txt",
			);
			runOnlyForDeploymentPostprocessing = 0;
			shellPath = /bin/sh;
			shellScript = "diff \"${PODS_PODFILE_DIR_PATH}/Podfile.lock\" \"${PODS_ROOT}/Manifest.lock\" > /dev/null\nif [ $? != 0 ] ; then\n    # print error to STDERR\n    echo \"error: The sandbox is not in sync with the Podfile.lock. Run 'pod install' or update your CocoaPods installation.\" >&2\n    exit 1\nfi\n# This output is used by Xcode 'outputs' to avoid re-running this script phase.\necho \"SUCCESS\" > \"${SCRIPT_OUTPUT_FILE_0}\"\n";
			showEnvVarsInLog = 0;
		};
		B94A6D4FC034D80898675628 /* [CP] Copy Pods Resources */ = {
			isa = PBXShellScriptBuildPhase;
			buildActionMask = 2147483647;
			files = (
			);
			inputPaths = (
				"${PODS_ROOT}/Target Support Files/Pods-ParticleWalletConnectDemo/Pods-ParticleWalletConnectDemo-resources.sh",
				"${PODS_ROOT}/ParticleAuthService/XCFrameworks/ParticleAuthService/ParticleAuthService.bundle",
			);
			name = "[CP] Copy Pods Resources";
			outputPaths = (
				"${TARGET_BUILD_DIR}/${UNLOCALIZED_RESOURCES_FOLDER_PATH}/ParticleAuthService.bundle",
			);
			runOnlyForDeploymentPostprocessing = 0;
			shellPath = /bin/sh;
			shellScript = "\"${PODS_ROOT}/Target Support Files/Pods-ParticleWalletConnectDemo/Pods-ParticleWalletConnectDemo-resources.sh\"\n";
			showEnvVarsInLog = 0;
		};
/* End PBXShellScriptBuildPhase section */

/* Begin PBXSourcesBuildPhase section */
		5F99142F2918AE1C00E66BC2 /* Sources */ = {
			isa = PBXSourcesBuildPhase;
			buildActionMask = 2147483647;
			files = (
				5F99143B2918AE1C00E66BC2 /* ViewController.swift in Sources */,
				5F9914372918AE1C00E66BC2 /* AppDelegate.swift in Sources */,
				5F99144D2918B27300E66BC2 /* ScanViewController.swift in Sources */,
				5F99144F2918B2EF00E66BC2 /* QRCodeTool.swift in Sources */,
			);
			runOnlyForDeploymentPostprocessing = 0;
		};
/* End PBXSourcesBuildPhase section */

/* Begin PBXVariantGroup section */
		5F99143C2918AE1C00E66BC2 /* Main.storyboard */ = {
			isa = PBXVariantGroup;
			children = (
				5F99143D2918AE1C00E66BC2 /* Base */,
			);
			name = Main.storyboard;
			sourceTree = "<group>";
		};
		5F9914412918AE1D00E66BC2 /* LaunchScreen.storyboard */ = {
			isa = PBXVariantGroup;
			children = (
				5F9914422918AE1D00E66BC2 /* Base */,
			);
			name = LaunchScreen.storyboard;
			sourceTree = "<group>";
		};
/* End PBXVariantGroup section */

/* Begin XCBuildConfiguration section */
		5F9914452918AE1D00E66BC2 /* Debug */ = {
			isa = XCBuildConfiguration;
			buildSettings = {
				ALWAYS_SEARCH_USER_PATHS = NO;
				CLANG_ANALYZER_NONNULL = YES;
				CLANG_ANALYZER_NUMBER_OBJECT_CONVERSION = YES_AGGRESSIVE;
				CLANG_CXX_LANGUAGE_STANDARD = "gnu++20";
				CLANG_ENABLE_MODULES = YES;
				CLANG_ENABLE_OBJC_ARC = YES;
				CLANG_ENABLE_OBJC_WEAK = YES;
				CLANG_WARN_BLOCK_CAPTURE_AUTORELEASING = YES;
				CLANG_WARN_BOOL_CONVERSION = YES;
				CLANG_WARN_COMMA = YES;
				CLANG_WARN_CONSTANT_CONVERSION = YES;
				CLANG_WARN_DEPRECATED_OBJC_IMPLEMENTATIONS = YES;
				CLANG_WARN_DIRECT_OBJC_ISA_USAGE = YES_ERROR;
				CLANG_WARN_DOCUMENTATION_COMMENTS = YES;
				CLANG_WARN_EMPTY_BODY = YES;
				CLANG_WARN_ENUM_CONVERSION = YES;
				CLANG_WARN_INFINITE_RECURSION = YES;
				CLANG_WARN_INT_CONVERSION = YES;
				CLANG_WARN_NON_LITERAL_NULL_CONVERSION = YES;
				CLANG_WARN_OBJC_IMPLICIT_RETAIN_SELF = YES;
				CLANG_WARN_OBJC_LITERAL_CONVERSION = YES;
				CLANG_WARN_OBJC_ROOT_CLASS = YES_ERROR;
				CLANG_WARN_QUOTED_INCLUDE_IN_FRAMEWORK_HEADER = YES;
				CLANG_WARN_RANGE_LOOP_ANALYSIS = YES;
				CLANG_WARN_STRICT_PROTOTYPES = YES;
				CLANG_WARN_SUSPICIOUS_MOVE = YES;
				CLANG_WARN_UNGUARDED_AVAILABILITY = YES_AGGRESSIVE;
				CLANG_WARN_UNREACHABLE_CODE = YES;
				CLANG_WARN__DUPLICATE_METHOD_MATCH = YES;
				COPY_PHASE_STRIP = NO;
				DEBUG_INFORMATION_FORMAT = dwarf;
				ENABLE_STRICT_OBJC_MSGSEND = YES;
				ENABLE_TESTABILITY = YES;
				GCC_C_LANGUAGE_STANDARD = gnu11;
				GCC_DYNAMIC_NO_PIC = NO;
				GCC_NO_COMMON_BLOCKS = YES;
				GCC_OPTIMIZATION_LEVEL = 0;
				GCC_PREPROCESSOR_DEFINITIONS = (
					"DEBUG=1",
					"$(inherited)",
				);
				GCC_WARN_64_TO_32_BIT_CONVERSION = YES;
				GCC_WARN_ABOUT_RETURN_TYPE = YES_ERROR;
				GCC_WARN_UNDECLARED_SELECTOR = YES;
				GCC_WARN_UNINITIALIZED_AUTOS = YES_AGGRESSIVE;
				GCC_WARN_UNUSED_FUNCTION = YES;
				GCC_WARN_UNUSED_VARIABLE = YES;
				IPHONEOS_DEPLOYMENT_TARGET = 13.0;
				MTL_ENABLE_DEBUG_INFO = INCLUDE_SOURCE;
				MTL_FAST_MATH = YES;
				ONLY_ACTIVE_ARCH = YES;
				SDKROOT = iphoneos;
				SWIFT_ACTIVE_COMPILATION_CONDITIONS = DEBUG;
				SWIFT_OPTIMIZATION_LEVEL = "-Onone";
			};
			name = Debug;
		};
		5F9914462918AE1D00E66BC2 /* Release */ = {
			isa = XCBuildConfiguration;
			buildSettings = {
				ALWAYS_SEARCH_USER_PATHS = NO;
				CLANG_ANALYZER_NONNULL = YES;
				CLANG_ANALYZER_NUMBER_OBJECT_CONVERSION = YES_AGGRESSIVE;
				CLANG_CXX_LANGUAGE_STANDARD = "gnu++20";
				CLANG_ENABLE_MODULES = YES;
				CLANG_ENABLE_OBJC_ARC = YES;
				CLANG_ENABLE_OBJC_WEAK = YES;
				CLANG_WARN_BLOCK_CAPTURE_AUTORELEASING = YES;
				CLANG_WARN_BOOL_CONVERSION = YES;
				CLANG_WARN_COMMA = YES;
				CLANG_WARN_CONSTANT_CONVERSION = YES;
				CLANG_WARN_DEPRECATED_OBJC_IMPLEMENTATIONS = YES;
				CLANG_WARN_DIRECT_OBJC_ISA_USAGE = YES_ERROR;
				CLANG_WARN_DOCUMENTATION_COMMENTS = YES;
				CLANG_WARN_EMPTY_BODY = YES;
				CLANG_WARN_ENUM_CONVERSION = YES;
				CLANG_WARN_INFINITE_RECURSION = YES;
				CLANG_WARN_INT_CONVERSION = YES;
				CLANG_WARN_NON_LITERAL_NULL_CONVERSION = YES;
				CLANG_WARN_OBJC_IMPLICIT_RETAIN_SELF = YES;
				CLANG_WARN_OBJC_LITERAL_CONVERSION = YES;
				CLANG_WARN_OBJC_ROOT_CLASS = YES_ERROR;
				CLANG_WARN_QUOTED_INCLUDE_IN_FRAMEWORK_HEADER = YES;
				CLANG_WARN_RANGE_LOOP_ANALYSIS = YES;
				CLANG_WARN_STRICT_PROTOTYPES = YES;
				CLANG_WARN_SUSPICIOUS_MOVE = YES;
				CLANG_WARN_UNGUARDED_AVAILABILITY = YES_AGGRESSIVE;
				CLANG_WARN_UNREACHABLE_CODE = YES;
				CLANG_WARN__DUPLICATE_METHOD_MATCH = YES;
				COPY_PHASE_STRIP = NO;
				DEBUG_INFORMATION_FORMAT = "dwarf-with-dsym";
				ENABLE_NS_ASSERTIONS = NO;
				ENABLE_STRICT_OBJC_MSGSEND = YES;
				GCC_C_LANGUAGE_STANDARD = gnu11;
				GCC_NO_COMMON_BLOCKS = YES;
				GCC_WARN_64_TO_32_BIT_CONVERSION = YES;
				GCC_WARN_ABOUT_RETURN_TYPE = YES_ERROR;
				GCC_WARN_UNDECLARED_SELECTOR = YES;
				GCC_WARN_UNINITIALIZED_AUTOS = YES_AGGRESSIVE;
				GCC_WARN_UNUSED_FUNCTION = YES;
				GCC_WARN_UNUSED_VARIABLE = YES;
				IPHONEOS_DEPLOYMENT_TARGET = 13.0;
				MTL_ENABLE_DEBUG_INFO = NO;
				MTL_FAST_MATH = YES;
				SDKROOT = iphoneos;
				SWIFT_COMPILATION_MODE = wholemodule;
				SWIFT_OPTIMIZATION_LEVEL = "-O";
				VALIDATE_PRODUCT = YES;
			};
			name = Release;
		};
		5F9914482918AE1D00E66BC2 /* Debug */ = {
			isa = XCBuildConfiguration;
			baseConfigurationReference = 9CE5FAEC2933436664BD17B0 /* Pods-ParticleWalletConnectDemo.debug.xcconfig */;
			buildSettings = {
				"ARCHS[sdk=iphonesimulator*]" = "$(ARCHS_STANDARD)";
				ASSETCATALOG_COMPILER_APPICON_NAME = AppIcon;
				ASSETCATALOG_COMPILER_GLOBAL_ACCENT_COLOR_NAME = AccentColor;
				CODE_SIGN_STYLE = Automatic;
				CURRENT_PROJECT_VERSION = 1;
				DEVELOPMENT_TEAM = TS2Y2QXMF3;
				GENERATE_INFOPLIST_FILE = YES;
				INFOPLIST_FILE = ParticleWalletConnectDemo/Info.plist;
				INFOPLIST_KEY_NSCameraUsageDescription = "We needs to take photos for QRCode";
				INFOPLIST_KEY_UIApplicationSupportsIndirectInputEvents = YES;
				INFOPLIST_KEY_UILaunchStoryboardName = LaunchScreen;
				INFOPLIST_KEY_UIMainStoryboardFile = Main;
				INFOPLIST_KEY_UISupportedInterfaceOrientations_iPad = "UIInterfaceOrientationPortrait UIInterfaceOrientationPortraitUpsideDown UIInterfaceOrientationLandscapeLeft UIInterfaceOrientationLandscapeRight";
				INFOPLIST_KEY_UISupportedInterfaceOrientations_iPhone = "UIInterfaceOrientationPortrait UIInterfaceOrientationLandscapeLeft UIInterfaceOrientationLandscapeRight";
				IPHONEOS_DEPLOYMENT_TARGET = 13.0;
				LD_RUNPATH_SEARCH_PATHS = (
					"$(inherited)",
					"@executable_path/Frameworks",
				);
				MARKETING_VERSION = 1.0;
				PRODUCT_BUNDLE_IDENTIFIER = com.particle.wallet.connect;
				PRODUCT_NAME = "$(TARGET_NAME)";
				SWIFT_EMIT_LOC_STRINGS = YES;
				SWIFT_VERSION = 5.0;
				TARGETED_DEVICE_FAMILY = "1,2";
			};
			name = Debug;
		};
		5F9914492918AE1D00E66BC2 /* Release */ = {
			isa = XCBuildConfiguration;
			baseConfigurationReference = 66CD43D994AE7B41A84E4F2E /* Pods-ParticleWalletConnectDemo.release.xcconfig */;
			buildSettings = {
				ASSETCATALOG_COMPILER_APPICON_NAME = AppIcon;
				ASSETCATALOG_COMPILER_GLOBAL_ACCENT_COLOR_NAME = AccentColor;
				CODE_SIGN_STYLE = Automatic;
				CURRENT_PROJECT_VERSION = 1;
				DEVELOPMENT_TEAM = TS2Y2QXMF3;
				GENERATE_INFOPLIST_FILE = YES;
				INFOPLIST_FILE = ParticleWalletConnectDemo/Info.plist;
				INFOPLIST_KEY_NSCameraUsageDescription = "We needs to take photos for QRCode";
				INFOPLIST_KEY_UIApplicationSupportsIndirectInputEvents = YES;
				INFOPLIST_KEY_UILaunchStoryboardName = LaunchScreen;
				INFOPLIST_KEY_UIMainStoryboardFile = Main;
				INFOPLIST_KEY_UISupportedInterfaceOrientations_iPad = "UIInterfaceOrientationPortrait UIInterfaceOrientationPortraitUpsideDown UIInterfaceOrientationLandscapeLeft UIInterfaceOrientationLandscapeRight";
				INFOPLIST_KEY_UISupportedInterfaceOrientations_iPhone = "UIInterfaceOrientationPortrait UIInterfaceOrientationLandscapeLeft UIInterfaceOrientationLandscapeRight";
				IPHONEOS_DEPLOYMENT_TARGET = 13.0;
				LD_RUNPATH_SEARCH_PATHS = (
					"$(inherited)",
					"@executable_path/Frameworks",
				);
				MARKETING_VERSION = 1.0;
				PRODUCT_BUNDLE_IDENTIFIER = com.particle.wallet.connect;
				PRODUCT_NAME = "$(TARGET_NAME)";
				SWIFT_EMIT_LOC_STRINGS = YES;
				SWIFT_VERSION = 5.0;
				TARGETED_DEVICE_FAMILY = "1,2";
			};
			name = Release;
		};
/* End XCBuildConfiguration section */

/* Begin XCConfigurationList section */
		5F99142E2918AE1C00E66BC2 /* Build configuration list for PBXProject "ParticleWalletConnectDemo" */ = {
			isa = XCConfigurationList;
			buildConfigurations = (
				5F9914452918AE1D00E66BC2 /* Debug */,
				5F9914462918AE1D00E66BC2 /* Release */,
			);
			defaultConfigurationIsVisible = 0;
			defaultConfigurationName = Release;
		};
		5F9914472918AE1D00E66BC2 /* Build configuration list for PBXNativeTarget "ParticleWalletConnectDemo" */ = {
			isa = XCConfigurationList;
			buildConfigurations = (
				5F9914482918AE1D00E66BC2 /* Debug */,
				5F9914492918AE1D00E66BC2 /* Release */,
			);
			defaultConfigurationIsVisible = 0;
			defaultConfigurationName = Release;
		};
/* End XCConfigurationList section */
	};
	rootObject = 5F99142B2918AE1C00E66BC2 /* Project object */;
}
