PODS:
  - Alamofire (5.6.1)
  - CryptoSwift (1.5.1)
  - GLTFSceneKit (0.3.0)
  - GRDB.swift (5.25.0):
    - GRDB.swift/standard (= 5.25.0)
  - GRDB.swift/standard (5.25.0)
  - JXPagingView/Paging (2.1.2)
  - JXSegmentedView (1.3.0)
  - libwebp (1.2.1):
    - libwebp/demux (= 1.2.1)
    - libwebp/mux (= 1.2.1)
    - libwebp/webp (= 1.2.1)
  - libwebp/demux (1.2.1):
    - libwebp/webp
  - libwebp/mux (1.2.1):
    - libwebp/demux
  - libwebp/webp (1.2.1)
  - MJRefresh (3.4.0)
  - ParticleAuthService (0.4.3):
    - CryptoSwift (~> 1.5.1)
    - ParticleNetworkBase
    - RxCocoa (= 6.5.0)
    - RxSwift (= 6.5.0)
    - SwiftyJSON (~> 5.0)
    - SwiftyUserDefaults (~> 5.3.0)
  - ParticleNetworkBase (0.4.3):
    - CryptoSwift (~> 1.5.1)
  - ParticleWalletAPI (0.4.3):
    - CryptoSwift (~> 1.5.1)
    - GRDB.swift
    - ParticleNetworkBase
    - RxAlamofire (~> 6.1.1)
    - RxCocoa (= 6.5.0)
    - RxSwift (= 6.5.0)
    - SwiftyJSON (~> 5.0)
    - SwiftyUserDefaults (~> 5.3.0)
  - ParticleWalletGUI (0.4.3):
    - GLTFSceneKit
    - JXPagingView/Paging
    - JXSegmentedView
    - MJRefresh (= 3.4.0)
    - ParticleAuthService
    - ParticleWalletAPI
    - SDWebImage
    - SDWebImageWebPCoder
    - SkeletonView
    - SnapKit (~> 5.0.1)
    - SwiftMessages
    - Then
  - RxAlamofire (6.1.1):
    - RxAlamofire/Core (= 6.1.1)
  - RxAlamofire/Core (6.1.1):
    - Alamofire (~> 5.4)
    - RxSwift (~> 6.0)
  - RxCocoa (6.5.0):
    - RxRelay (= 6.5.0)
    - RxSwift (= 6.5.0)
  - RxRelay (6.5.0):
    - RxSwift (= 6.5.0)
  - RxSwift (6.5.0)
  - SDWebImage (5.13.0):
    - SDWebImage/Core (= 5.13.0)
  - SDWebImage/Core (5.13.0)
  - SDWebImageWebPCoder (0.9.0):
    - libwebp (~> 1.0)
    - SDWebImage/Core (~> 5.13)
  - SkeletonView (1.29.2)
  - SnapKit (5.0.1)
  - SwiftMessages (9.0.6):
    - SwiftMessages/App (= 9.0.6)
  - SwiftMessages/App (9.0.6)
  - SwiftyJSON (5.0.1)
  - SwiftyUserDefaults (5.3.0)
  - Then (3.0.0)

DEPENDENCIES:
  - ParticleWalletGUI (= 0.4.3)

SPEC REPOS:
  https://github.com/CocoaPods/Specs.git:
    - Alamofire
    - CryptoSwift
    - GLTFSceneKit
    - GRDB.swift
    - JXPagingView
    - JXSegmentedView
    - libwebp
    - MJRefresh
    - ParticleAuthService
    - ParticleNetworkBase
    - ParticleWalletAPI
    - ParticleWalletGUI
    - RxAlamofire
    - RxCocoa
    - RxRelay
    - RxSwift
    - SDWebImage
    - SDWebImageWebPCoder
    - SkeletonView
    - SnapKit
    - SwiftMessages
    - SwiftyJSON
    - SwiftyUserDefaults
    - Then

SPEC CHECKSUMS:
  Alamofire: 87bd8c952f9a4454320fce00d9cc3de57bcadaf5
  CryptoSwift: c4f2debceb38bf44c80659afe009f71e23e4a082
  GLTFSceneKit: d1b437c514ba2aed5555afb0fddd64e030612d57
  GRDB.swift: 39b3ff769afde87a840ced4e3a327d5c6f6a6e4f
  JXPagingView: 90924b364a2ff7e94db534fad1fa50925ff69ee4
  JXSegmentedView: fec0d335355b6e019c494fe2e030bde8a36d2df6
  libwebp: 98a37e597e40bfdb4c911fc98f2c53d0b12d05fc
  MJRefresh: 95b08b3b8b6457d2c69510439e0349599050ea34
  ParticleAuthService: 6ab24cf01aafd33ec34e24ad3e322e1499235431
  ParticleNetworkBase: c4241ef35dc74cefbacf44acd4ca53ddef88f8cf
  ParticleWalletAPI: 7b6a47c4cf001fb46421429addd1a100eda3a544
  ParticleWalletGUI: a1bf456cfd5d0bf35c35746ddc41fa9a9ceef4e3
  RxAlamofire: beb75a1c452d0de225651db4903f5d29d034a620
  RxCocoa: 94f817b71c07517321eb4f9ad299112ca8af743b
  RxRelay: 1de1523e604c72b6c68feadedd1af3b1b4d0ecbd
  RxSwift: 5710a9e6b17f3c3d6e40d6e559b9fa1e813b2ef8
  SDWebImage: 0327043dbb9533e75f2eff8445b3df0f2ceca6ac
  SDWebImageWebPCoder: 3dc350894112feab5375cfba9ce0986544a66a69
  SkeletonView: 915a80ecc2b6421ab7ac0f0212321c0cc1406472
  SnapKit: 97b92857e3df3a0c71833cce143274bf6ef8e5eb
  SwiftMessages: f0c7ef4705a570ad6c5e208b611f4333e660ed92
  SwiftyJSON: 2f33a42c6fbc52764d96f13368585094bfd8aa5e
  SwiftyUserDefaults: 63f80248cf5bfb3458825d9a78f2eb7e1293a040
  Then: 844265ae87834bbe1147d91d5d41a404da2ec27d

PODFILE CHECKSUM: 574694e5dca19e80cfc54e287db50ae983055bb1

COCOAPODS: 1.11.3
