PODS:
  - Alamofire (5.8.0)
  - Base58.swift (1.0.2):
    - BigInt
  - BigInt (5.2.0)
  - ConnectCommon (0.2.11):
    - BigInt (~> 5.2.0)
    - ParticleNetworkBase
    - RxAlamofire (~> 6.1.1)
    - secp256k1.swift (~> 0.1)
    - SwiftyJSON (~> 5.0)
    - TweetNacl
  - ConnectEVMAdapter (0.2.11):
    - BigInt (~> 5.2.0)
    - ConnectCommon
    - CryptoSwift
    - RxAlamofire (~> 6.1.1)
    - SwiftyUserDefaults (~> 5.3.0)
  - ConnectPhantomAdapter (0.2.11):
    - ConnectCommon
    - RxAlamofire (~> 6.1.1)
    - SwiftyJSON (~> 5.0)
    - SwiftyUserDefaults (~> 5.3.0)
    - TweetNacl
  - ConnectSolanaAdapter (0.2.11):
    - ConnectCommon
    - RxAlamofire (~> 6.1.1)
    - secp256k1.swift (~> 0.1)
    - SwiftyUserDefaults (~> 5.3.0)
    - TweetNacl
  - ConnectWalletConnectAdapter (0.2.11):
    - ConnectCommon
    - metamask-ios-sdk (= 0.2.1)
    - RxAlamofire (~> 6.1.1)
    - RxCocoa (= 6.5.0)
    - RxSwift (= 6.5.0)
    - SDWebImage
    - SDWebImageWebPCoder
    - SnapKit
    - Starscream (= 4.0.6)
    - SwiftMessages
    - SwiftyJSON (~> 5.0)
    - SwiftyUserDefaults (~> 5.3.0)
    - WalletConnectSwiftV2 (= 1.6.14)
  - CryptoSwift (1.8.0)
  - GLTFSceneKit (0.3.0)
  - GRDB.swift (6.16.0):
    - GRDB.swift/standard (= 6.16.0)
  - GRDB.swift/standard (6.16.0)
  - JXPagingView/Paging (2.1.2)
  - JXSegmentedView (1.3.0)
  - libwebp (1.3.2):
    - libwebp/demux (= 1.3.2)
    - libwebp/mux (= 1.3.2)
    - libwebp/sharpyuv (= 1.3.2)
    - libwebp/webp (= 1.3.2)
  - libwebp/demux (1.3.2):
    - libwebp/webp
  - libwebp/mux (1.3.2):
    - libwebp/demux
  - libwebp/sharpyuv (1.3.2)
  - libwebp/webp (1.3.2):
    - libwebp/sharpyuv
  - metamask-ios-sdk (0.2.1):
    - Socket.IO-Client-Swift (~> 16.1.0)
  - MJRefresh (3.7.5)
  - ParticleAA (1.2.0):
    - ParticleNetworkBase
  - ParticleAuthAdapter (0.2.11):
    - ConnectCommon
    - ParticleAuthService
  - ParticleAuthService (1.2.0):
    - CryptoSwift
    - ParticleNetworkBase
    - RxAlamofire (~> 6.1.1)
    - RxCocoa (= 6.5.0)
    - RxSwift (= 6.5.0)
    - SwiftyJSON (~> 5.0)
    - SwiftyUserDefaults (~> 5.3.0)
  - ParticleConnect (0.2.11):
    - ConnectCommon
  - ParticleNetworkBase (1.2.0):
    - Base58.swift
    - BigInt (~> 5.2.0)
    - CryptoSwift
    - RxAlamofire (~> 6.1.1)
    - RxCocoa (= 6.5.0)
    - RxSwift (= 6.5.0)
    - SwiftyJSON (~> 5.0)
    - SwiftyUserDefaults (~> 5.3.0)
  - ParticleWalletAPI (1.2.0):
    - CryptoSwift
    - GRDB.swift (= 6.16.0)
    - ParticleNetworkBase
    - RxAlamofire (~> 6.1.1)
    - RxCocoa (= 6.5.0)
    - RxSwift (= 6.5.0)
    - SwiftyJSON (~> 5.0)
    - SwiftyUserDefaults (~> 5.3.0)
  - ParticleWalletConnect (1.2.0):
    - ParticleNetworkBase
    - RxAlamofire (~> 6.1.1)
    - RxCocoa (= 6.5.0)
    - RxSwift (= 6.5.0)
    - Starscream (= 4.0.6)
    - SwiftyUserDefaults (~> 5.3.0)
    - WalletConnectSwiftV2 (= 1.6.14)
  - ParticleWalletGUI (1.2.0):
    - ConnectEVMAdapter
    - ConnectPhantomAdapter
    - ConnectSolanaAdapter
    - ConnectWalletConnectAdapter
    - GLTFSceneKit
    - JXPagingView/Paging
    - JXSegmentedView
    - MJRefresh (~> 3.7.0)
    - ParticleConnect
    - ParticleWalletAPI
    - ParticleWalletConnect
    - SDWebImage
    - SDWebImageWebPCoder
    - SkeletonView
    - SnapKit
    - SwiftMessages
    - Then
  - RxAlamofire (6.1.1):
    - RxAlamofire/Core (= 6.1.1)
  - RxAlamofire/Core (6.1.1):
    - Alamofire (~> 5.4)
    - RxSwift (~> 6.0)
  - RxCocoa (6.5.0):
    - RxRelay (= 6.5.0)
    - RxSwift (= 6.5.0)
  - RxRelay (6.5.0):
    - RxSwift (= 6.5.0)
  - RxSwift (6.5.0)
  - SDWebImage (5.18.2):
    - SDWebImage/Core (= 5.18.2)
  - SDWebImage/Core (5.18.2)
  - SDWebImageWebPCoder (0.13.0):
    - libwebp (~> 1.0)
    - SDWebImage/Core (~> 5.17)
  - secp256k1.swift (0.1.4)
  - SkeletonView (1.30.4)
  - SnapKit (5.6.0)
  - Socket.IO-Client-Swift (16.1.0):
    - Starscream (~> 4.0.6)
  - Starscream (4.0.6)
  - SwiftMessages (9.0.6):
    - SwiftMessages/App (= 9.0.6)
  - SwiftMessages/App (9.0.6)
  - SwiftyJSON (5.0.1)
  - SwiftyUserDefaults (5.3.0)
  - Then (3.0.0)
  - TweetNacl (1.0.2)
  - WalletConnectSwiftV2 (1.6.14):
    - WalletConnectSwiftV2/WalletConnect (= 1.6.14)
  - WalletConnectSwiftV2/Commons (1.6.14)
  - WalletConnectSwiftV2/HTTPClient (1.6.14)
  - WalletConnectSwiftV2/JSONRPC (1.6.14):
    - WalletConnectSwiftV2/Commons
  - WalletConnectSwiftV2/WalletConnect (1.6.14):
    - WalletConnectSwiftV2/WalletConnectAuth
    - WalletConnectSwiftV2/WalletConnectEcho
    - WalletConnectSwiftV2/WalletConnectSign
    - WalletConnectSwiftV2/WalletConnectVerify
  - WalletConnectSwiftV2/WalletConnectAuth (1.6.14):
    - WalletConnectSwiftV2/WalletConnectPairing
    - WalletConnectSwiftV2/WalletConnectSigner
    - WalletConnectSwiftV2/WalletConnectVerify
  - WalletConnectSwiftV2/WalletConnectEcho (1.6.14):
    - WalletConnectSwiftV2/WalletConnectJWT
    - WalletConnectSwiftV2/WalletConnectNetworking
  - WalletConnectSwiftV2/WalletConnectJWT (1.6.14):
    - WalletConnectSwiftV2/WalletConnectKMS
  - WalletConnectSwiftV2/WalletConnectKMS (1.6.14):
    - WalletConnectSwiftV2/WalletConnectUtils
  - WalletConnectSwiftV2/WalletConnectNetworking (1.6.14):
    - WalletConnectSwiftV2/HTTPClient
    - WalletConnectSwiftV2/WalletConnectRelay
  - WalletConnectSwiftV2/WalletConnectPairing (1.6.14):
    - WalletConnectSwiftV2/WalletConnectNetworking
  - WalletConnectSwiftV2/WalletConnectRelay (1.6.14):
    - WalletConnectSwiftV2/WalletConnectJWT
  - WalletConnectSwiftV2/WalletConnectSign (1.6.14):
    - WalletConnectSwiftV2/WalletConnectPairing
    - WalletConnectSwiftV2/WalletConnectVerify
  - WalletConnectSwiftV2/WalletConnectSigner (1.6.14):
    - WalletConnectSwiftV2/WalletConnectNetworking
  - WalletConnectSwiftV2/WalletConnectUtils (1.6.14):
    - WalletConnectSwiftV2/JSONRPC
  - WalletConnectSwiftV2/WalletConnectVerify (1.6.14):
    - WalletConnectSwiftV2/WalletConnectNetworking
    - WalletConnectSwiftV2/WalletConnectUtils

DEPENDENCIES:
  - ConnectCommon (= 0.2.11)
  - ConnectEVMAdapter (= 0.2.11)
  - ConnectPhantomAdapter (= 0.2.11)
  - ConnectSolanaAdapter (= 0.2.11)
  - ConnectWalletConnectAdapter (= 0.2.11)
  - ParticleAA (= 1.2.0)
  - ParticleAuthAdapter (= 0.2.11)
  - ParticleAuthService (= 1.2.0)
  - ParticleConnect (= 0.2.11)
  - ParticleNetworkBase (= 1.2.0)
  - ParticleWalletAPI (= 1.2.0)
  - ParticleWalletConnect (= 1.2.0)
  - ParticleWalletGUI (= 1.2.0)
  - SkeletonView (from `https://github.com/SunZhiC/SkeletonView.git`, branch `main`)
  - SwiftMessages (from `https://github.com/SunZhiC/SwiftMessages`, branch `master`)

SPEC REPOS:
  https://github.com/CocoaPods/Specs.git:
    - Alamofire
    - Base58.swift
    - BigInt
    - ConnectCommon
    - ConnectEVMAdapter
    - ConnectPhantomAdapter
    - ConnectSolanaAdapter
    - ConnectWalletConnectAdapter
    - CryptoSwift
    - GLTFSceneKit
    - GRDB.swift
    - JXPagingView
    - JXSegmentedView
    - libwebp
    - metamask-ios-sdk
    - MJRefresh
    - ParticleAA
    - ParticleAuthAdapter
    - ParticleAuthService
    - ParticleConnect
    - ParticleNetworkBase
    - ParticleWalletAPI
    - ParticleWalletConnect
    - ParticleWalletGUI
    - RxAlamofire
    - RxCocoa
    - RxRelay
    - RxSwift
    - SDWebImage
    - SDWebImageWebPCoder
    - secp256k1.swift
    - SnapKit
    - Socket.IO-Client-Swift
    - Starscream
    - SwiftyJSON
    - SwiftyUserDefaults
    - Then
    - TweetNacl
    - WalletConnectSwiftV2

EXTERNAL SOURCES:
  SkeletonView:
    :branch: main
    :git: https://github.com/SunZhiC/SkeletonView.git
  SwiftMessages:
    :branch: master
    :git: https://github.com/SunZhiC/SwiftMessages

CHECKOUT OPTIONS:
  SkeletonView:
    :commit: 09431e290ea7f3f81cbb69ce979c7d8a02a4af99
    :git: https://github.com/SunZhiC/SkeletonView.git
  SwiftMessages:
    :commit: 593f38852213945c5b7ddaca1a7f464cb8478f5a
    :git: https://github.com/SunZhiC/SwiftMessages

SPEC CHECKSUMS:
  Alamofire: 0e92e751b3e9e66d7982db43919d01f313b8eb91
  Base58.swift: e0e16655f9db843b8cd367593ed6f7d90d136b7f
  BigInt: f668a80089607f521586bbe29513d708491ef2f7
  ConnectCommon: 4a74b6fc2b0f9ceeb1d9ba333e01122f33ff19c2
  ConnectEVMAdapter: 65a337e4d08ca3a9178d9cfc93b02f717026c0c2
  ConnectPhantomAdapter: 1f5e92dfb70e40846daf50ca1be0569f29c89777
  ConnectSolanaAdapter: c0ade7b5f4494f862e40cea47a97734ffa48b52e
  ConnectWalletConnectAdapter: b24126a05ab164a77924e2ed8427f0b30d488bac
  CryptoSwift: 52aaf3fce7337552863b1d952e408085f0e65030
  GLTFSceneKit: d1b437c514ba2aed5555afb0fddd64e030612d57
  GRDB.swift: 7985834461bca2a3eaed615887daadf3864c779b
  JXPagingView: 90924b364a2ff7e94db534fad1fa50925ff69ee4
  JXSegmentedView: fec0d335355b6e019c494fe2e030bde8a36d2df6
  libwebp: 1786c9f4ff8a279e4dac1e8f385004d5fc253009
  metamask-ios-sdk: 7a39b6bf9c4d2b6edf35d857a6038c8148c8e704
  MJRefresh: fdf5e979eb406a0341468932d1dfc8b7f9fce961
  ParticleAA: 4491c1e1829bb3f85306cf8068e703c031273800
  ParticleAuthAdapter: 9ec919afef431bd57fa0a7cfb3268dbe4de4e081
  ParticleAuthService: cd08501957fe06ff15ff5a87fd99b68deaf3a812
  ParticleConnect: 82fc14166675814eef9c23d122db6375a84633ed
  ParticleNetworkBase: d06a51fc72067d52ba2d78ffa0f3eaf5adf20705
  ParticleWalletAPI: 88e85a4b43a62d6c55188071a86f033a1a8df03f
  ParticleWalletConnect: 9e74904fd6127008db54be188724ddd8f231afe1
  ParticleWalletGUI: f184062e8d1bf9ec9d7bc92c09d2ee51757cacf3
  RxAlamofire: beb75a1c452d0de225651db4903f5d29d034a620
  RxCocoa: 94f817b71c07517321eb4f9ad299112ca8af743b
  RxRelay: 1de1523e604c72b6c68feadedd1af3b1b4d0ecbd
  RxSwift: 5710a9e6b17f3c3d6e40d6e559b9fa1e813b2ef8
  SDWebImage: c0de394d7cf7f9838aed1fd6bb6037654a4572e4
  SDWebImageWebPCoder: af09429398d99d524cae2fe00f6f0f6e491ed102
  secp256k1.swift: a7e7a214f6db6ce5db32cc6b2b45e5c4dd633634
  SkeletonView: 5a050f6411e697abd4cda0a8d767013399dccd69
  SnapKit: e01d52ebb8ddbc333eefe2132acf85c8227d9c25
  Socket.IO-Client-Swift: ee4b8f80a3db18dd7f32b266ddf273310609443c
  Starscream: fb2c4510bebf908c62bd383bcf05e673720e91fd
  SwiftMessages: f0c7ef4705a570ad6c5e208b611f4333e660ed92
  SwiftyJSON: 2f33a42c6fbc52764d96f13368585094bfd8aa5e
  SwiftyUserDefaults: 63f80248cf5bfb3458825d9a78f2eb7e1293a040
  Then: 844265ae87834bbe1147d91d5d41a404da2ec27d
  TweetNacl: 3abf4d1d2082b0114e7a67410e300892448951e6
  WalletConnectSwiftV2: 66aef6e7bbe881c465e6bce164f61c5bbf61d796

PODFILE CHECKSUM: 3a99d3ce192bc821509ffee0e2f511dbef5aec1f

COCOAPODS: 1.12.1
